<?xml version="1.0" encoding="utf-8"?>
<Project ToolsVersion="4.0" xmlns="http://schemas.microsoft.com/developer/msbuild/2003">
  <ItemGroup>
    <Filter Include="plugins">
      <UniqueIdentifier>{f13d44fe-4742-4cdf-bfdf-de885566b522}</UniqueIdentifier>
    </Filter>
    <Filter Include="vdk">
      <UniqueIdentifier>{1a59ff93-b2ae-4911-bc33-990f0c9c6c18}</UniqueIdentifier>
    </Filter>
    <Filter Include="includes">
      <UniqueIdentifier>{f8a13a2e-5b63-4e9b-98ae-d99c255dc07d}</UniqueIdentifier>
    </Filter>
    <Filter Include="libs">
      <UniqueIdentifier>{77014e70-793d-449e-8900-f28bde246a9a}</UniqueIdentifier>
    </Filter>
  </ItemGroup>
  <ItemGroup>
    <ClInclude Include="includes\ibrush.h">
      <Filter>includes</Filter>
    </ClInclude>
    <ClInclude Include="includes\itypes.h">
      <Filter>includes</Filter>
    </ClInclude>
    <ClInclude Include="libs\cmdlib.h">
      <Filter>libs</Filter>
    </ClInclude>
    <ClInclude Include="libs\mathlib.h">
      <Filter>libs</Filter>
    </ClInclude>
    <ClInclude Include="libs\vl18afx.h">
      <Filter>libs</Filter>
    </ClInclude>
    <ClInclude Include="libs\entitylib\entity.h">
      <Filter>libs</Filter>
    </ClInclude>
    <ClInclude Include="libs\primitivetoollib\primittypes.h">
      <Filter>libs</Filter>
    </ClInclude>
    <ClInclude Include="libs\textoollib\textool.h">
      <Filter>libs</Filter>
    </ClInclude>
    <ClInclude Include="plugins\plugin.h">
      <Filter>plugins</Filter>
    </ClInclude>
    <ClInclude Include="plugins\bckgrndv2d\bckgrnd2d.h">
      <Filter>plugins</Filter>
    </ClInclude>
    <ClInclude Include="vdk\camera.h">
      <Filter>vdk</Filter>
    </ClInclude>
    <ClInclude Include="vdk\menu.h">
      <Filter>vdk</Filter>
    </ClInclude>
  </ItemGroup>
  <ItemGroup>
    <ClCompile Include="vdk\camera.cpp">
      <Filter>vdk</Filter>
    </ClCompile>
    <ClCompile Include="vdk\main.cpp">
      <Filter>vdk</Filter>
    </ClCompile>
    <ClCompile Include="vdk\menu.cpp">
      <Filter>vdk</Filter>
    </ClCompile>
    <ClCompile Include="vdk\sysmsg.cpp">
      <Filter>vdk</Filter>
    </ClCompile>
  </ItemGroup>
</Project>